
Microsoft Visual Studio Solution File, Format Version 12.00
Project("{2150E333-8FDC-42A3-9474-1A3956D46DE8}") = "src", "src", "{01FD9560-D526-41B3-B739-B375D3129D04}"
EndProject
Project("{FAE04EC0-301F-11D3-BF4B-00C04F79EFBC}") = "MsLogistic.Domain", "src\MsLogistic.Domain\MsLogistic.Domain.csproj", "{E5E33E27-5F0D-4A43-B6DC-FF4A79ECC06D}"
EndProject
Project("{FAE04EC0-301F-11D3-BF4B-00C04F79EFBC}") = "MsLogistic.Application", "src\MsLogistic.Application\MsLogistic.Application.csproj", "{493D2A1C-F3A1-4B8A-B5E6-0E0C78C372AA}"
EndProject
Project("{FAE04EC0-301F-11D3-BF4B-00C04F79EFBC}") = "MsLogistic.Infrastructure", "src\MsLogistic.Infrastructure\MsLogistic.Infrastructure.csproj", "{76725592-7365-44C3-B5A0-28B523743CBC}"
EndProject
Project("{FAE04EC0-301F-11D3-BF4B-00C04F79EFBC}") = "MsLogistic.WebApi", "src\MsLogistic.WebApi\MsLogistic.WebApi.csproj", "{FFDBCB2C-D791-491B-8D0F-262C91B64EF4}"
EndProject
Project("{FAE04EC0-301F-11D3-BF4B-00C04F79EFBC}") = "MsLogistic.Core", "src\MsLogistic.Core\MsLogistic.Core.csproj", "{B5D19099-DBBE-40C1-AB59-FCE6AF3A78D2}"
EndProject
Project("{FAE04EC0-301F-11D3-BF4B-00C04F79EFBC}") = "MsLogistic.UnitTest", "src\MsLogistic.UnitTest\MsLogistic.UnitTest.csproj", "{B3FB758D-344E-428D-945B-C795121689D8}"
EndProject
Project("{FAE04EC0-301F-11D3-BF4B-00C04F79EFBC}") = "MsLogistic.IntegrationTest", "src\MsLogistic.IntegrationTest\MsLogistic.IntegrationTest.csproj", "{3E2299A0-BDE9-45B6-B7D4-7703A1911ABB}"
EndProject
Project("{FAE04EC0-301F-11D3-BF4B-00C04F79EFBC}") = "MsLogistic.Worker", "src\MsLogistic.Worker\MsLogistic.Worker.csproj", "{0AA92544-E337-4CFF-A927-DE7E908DE257}"
EndProject
Global
	GlobalSection(SolutionConfigurationPlatforms) = preSolution
		Debug|Any CPU = Debug|Any CPU
		Release|Any CPU = Release|Any CPU
	EndGlobalSection
	GlobalSection(ProjectConfigurationPlatforms) = postSolution
		{E5E33E27-5F0D-4A43-B6DC-FF4A79ECC06D}.Debug|Any CPU.ActiveCfg = Debug|Any CPU
		{E5E33E27-5F0D-4A43-B6DC-FF4A79ECC06D}.Debug|Any CPU.Build.0 = Debug|Any CPU
		{E5E33E27-5F0D-4A43-B6DC-FF4A79ECC06D}.Release|Any CPU.ActiveCfg = Release|Any CPU
		{E5E33E27-5F0D-4A43-B6DC-FF4A79ECC06D}.Release|Any CPU.Build.0 = Release|Any CPU
		{493D2A1C-F3A1-4B8A-B5E6-0E0C78C372AA}.Debug|Any CPU.ActiveCfg = Debug|Any CPU
		{493D2A1C-F3A1-4B8A-B5E6-0E0C78C372AA}.Debug|Any CPU.Build.0 = Debug|Any CPU
		{493D2A1C-F3A1-4B8A-B5E6-0E0C78C372AA}.Release|Any CPU.ActiveCfg = Release|Any CPU
		{493D2A1C-F3A1-4B8A-B5E6-0E0C78C372AA}.Release|Any CPU.Build.0 = Release|Any CPU
		{76725592-7365-44C3-B5A0-28B523743CBC}.Debug|Any CPU.ActiveCfg = Debug|Any CPU
		{76725592-7365-44C3-B5A0-28B523743CBC}.Debug|Any CPU.Build.0 = Debug|Any CPU
		{76725592-7365-44C3-B5A0-28B523743CBC}.Release|Any CPU.ActiveCfg = Release|Any CPU
		{76725592-7365-44C3-B5A0-28B523743CBC}.Release|Any CPU.Build.0 = Release|Any CPU
		{FFDBCB2C-D791-491B-8D0F-262C91B64EF4}.Debug|Any CPU.ActiveCfg = Debug|Any CPU
		{FFDBCB2C-D791-491B-8D0F-262C91B64EF4}.Debug|Any CPU.Build.0 = Debug|Any CPU
		{FFDBCB2C-D791-491B-8D0F-262C91B64EF4}.Release|Any CPU.ActiveCfg = Release|Any CPU
		{FFDBCB2C-D791-491B-8D0F-262C91B64EF4}.Release|Any CPU.Build.0 = Release|Any CPU
		{B5D19099-DBBE-40C1-AB59-FCE6AF3A78D2}.Debug|Any CPU.ActiveCfg = Debug|Any CPU
		{B5D19099-DBBE-40C1-AB59-FCE6AF3A78D2}.Debug|Any CPU.Build.0 = Debug|Any CPU
		{B5D19099-DBBE-40C1-AB59-FCE6AF3A78D2}.Release|Any CPU.ActiveCfg = Release|Any CPU
		{B5D19099-DBBE-40C1-AB59-FCE6AF3A78D2}.Release|Any CPU.Build.0 = Release|Any CPU
		{B3FB758D-344E-428D-945B-C795121689D8}.Debug|Any CPU.ActiveCfg = Debug|Any CPU
		{B3FB758D-344E-428D-945B-C795121689D8}.Debug|Any CPU.Build.0 = Debug|Any CPU
		{B3FB758D-344E-428D-945B-C795121689D8}.Release|Any CPU.ActiveCfg = Release|Any CPU
		{B3FB758D-344E-428D-945B-C795121689D8}.Release|Any CPU.Build.0 = Release|Any CPU
		{3E2299A0-BDE9-45B6-B7D4-7703A1911ABB}.Debug|Any CPU.ActiveCfg = Debug|Any CPU
		{3E2299A0-BDE9-45B6-B7D4-7703A1911ABB}.Debug|Any CPU.Build.0 = Debug|Any CPU
		{3E2299A0-BDE9-45B6-B7D4-7703A1911ABB}.Release|Any CPU.ActiveCfg = Release|Any CPU
		{3E2299A0-BDE9-45B6-B7D4-7703A1911ABB}.Release|Any CPU.Build.0 = Release|Any CPU
		{0AA92544-E337-4CFF-A927-DE7E908DE257}.Debug|Any CPU.ActiveCfg = Debug|Any CPU
		{0AA92544-E337-4CFF-A927-DE7E908DE257}.Debug|Any CPU.Build.0 = Debug|Any CPU
		{0AA92544-E337-4CFF-A927-DE7E908DE257}.Release|Any CPU.ActiveCfg = Release|Any CPU
		{0AA92544-E337-4CFF-A927-DE7E908DE257}.Release|Any CPU.Build.0 = Release|Any CPU
	EndGlobalSection
	GlobalSection(NestedProjects) = preSolution
		{E5E33E27-5F0D-4A43-B6DC-FF4A79ECC06D} = {01FD9560-D526-41B3-B739-B375D3129D04}
		{493D2A1C-F3A1-4B8A-B5E6-0E0C78C372AA} = {01FD9560-D526-41B3-B739-B375D3129D04}
		{76725592-7365-44C3-B5A0-28B523743CBC} = {01FD9560-D526-41B3-B739-B375D3129D04}
		{FFDBCB2C-D791-491B-8D0F-262C91B64EF4} = {01FD9560-D526-41B3-B739-B375D3129D04}
		{B5D19099-DBBE-40C1-AB59-FCE6AF3A78D2} = {01FD9560-D526-41B3-B739-B375D3129D04}
		{B3FB758D-344E-428D-945B-C795121689D8} = {01FD9560-D526-41B3-B739-B375D3129D04}
		{3E2299A0-BDE9-45B6-B7D4-7703A1911ABB} = {01FD9560-D526-41B3-B739-B375D3129D04}
		{0AA92544-E337-4CFF-A927-DE7E908DE257} = {01FD9560-D526-41B3-B739-B375D3129D04}
	EndGlobalSection
EndGlobal
